<?xml version="1.0" encoding="utf-8"?>
<Project ToolsVersion="4.0" xmlns="http://schemas.microsoft.com/developer/msbuild/2003">
  <ItemGroup>
    <Filter Include="Source Files">
      <UniqueIdentifier>{4FC737F1-C7A5-4376-A066-2A32D752A2FF}</UniqueIdentifier>
      <Extensions>cpp;c;cc;cxx;def;odl;idl;hpj;bat;asm;asmx</Extensions>
    </Filter>
    <Filter Include="Header Files">
      <UniqueIdentifier>{93995380-89BD-4b04-88EB-625FBE52EBFB}</UniqueIdentifier>
      <Extensions>h;hh;hpp;hxx;hm;inl;inc;ipp;xsd</Extensions>
    </Filter>
    <Filter Include="Resource Files">
      <UniqueIdentifier>{67DA6AB6-F800-4c08-8B7A-83BB121AAD01}</UniqueIdentifier>
      <Extensions>rc;ico;cur;bmp;dlg;rc2;rct;bin;rgs;gif;jpg;jpeg;jpe;resx;tiff;tif;png;wav;mfcribbon-ms</Extensions>
    </Filter>
  </ItemGroup>
  <ItemGroup>
    <ClInclude Include="macros.h">
      <Filter>Header Files</Filter>
    </ClInclude>
    <ClInclude Include="GameObject.h">
      <Filter>Header Files</Filter>
    </ClInclude>
    <ClInclude Include="Controller.h">
      <Filter>Header Files</Filter>
    </ClInclude>
    <ClInclude Include="GameBoard.h">
      <Filter>Header Files</Filter>
    </ClInclude>
    <ClInclude Include="Wall.h">
      <Filter>Header Files</Filter>
    </ClInclude>
    <ClInclude Include="Brick.h">
      <Filter>Header Files</Filter>
    </ClInclude>
    <ClInclude Include="Door.h">
      <Filter>Header Files</Filter>
    </ClInclude>
    <ClInclude Include="Gift.h">
      <Filter>Header Files</Filter>
    </ClInclude>
    <ClInclude Include="EmptyCell.h">
      <Filter>Header Files</Filter>
    </ClInclude>
    <ClInclude Include="RandomEnemy.h">
      <Filter>Header Files</Filter>
    </ClInclude>
    <ClInclude Include="SmartEnemy.h">
      <Filter>Header Files</Filter>
    </ClInclude>
    <ClInclude Include="Enemy.h">
      <Filter>Header Files</Filter>
    </ClInclude>
    <ClInclude Include="Robot.h">
      <Filter>Header Files</Filter>
    </ClInclude>
    <ClInclude Include="Texture.h">
      <Filter>Header Files</Filter>
    </ClInclude>
    <ClInclude Include="Moveable.h">
      <Filter>Header Files</Filter>
    </ClInclude>
    <ClInclude Include="UnMoveable.h">
      <Filter>Header Files</Filter>
    </ClInclude>
    <ClInclude Include="RobotGiftColl.h">
      <Filter>Header Files</Filter>
    </ClInclude>
    <ClInclude Include="RobotEmptyColl.h">
      <Filter>Header Files</Filter>
    </ClInclude>
    <ClInclude Include="UnmoveCollison.h">
      <Filter>Header Files</Filter>
    </ClInclude>
    <ClInclude Include="Collision.h">
      <Filter>Header Files</Filter>
    </ClInclude>
    <ClInclude Include="MoveCollision.h">
      <Filter>Header Files</Filter>
    </ClInclude>
    <ClInclude Include="REnemyRobotColl.h">
      <Filter>Header Files</Filter>
    </ClInclude>
    <ClInclude Include="SEnemyRobotColl.h">
      <Filter>Header Files</Filter>
    </ClInclude>
    <ClInclude Include="RobotDoorColl.h">
      <Filter>Header Files</Filter>
    </ClInclude>
    <ClInclude Include="RobotSEnemyColl.h">
      <Filter>Header Files</Filter>
    </ClInclude>
    <ClInclude Include="RobotREnemyColl.h">
      <Filter>Header Files</Filter>
    </ClInclude>
    <ClInclude Include="RobotBrickColl.h">
      <Filter>Header Files</Filter>
    </ClInclude>
    <ClInclude Include="Bomb.h">
      <Filter>Header Files</Filter>
    </ClInclude>
    <ClInclude Include="Flame.h">
      <Filter>Header Files</Filter>
    </ClInclude>
    <ClInclude Include="GiftUnderBrick.h">
      <Filter>Header Files</Filter>
    </ClInclude>
    <ClInclude Include="RobotWallColl.h">
      <Filter>Header Files</Filter>
    </ClInclude>
    <ClInclude Include="Back.h">
      <Filter>Header Files</Filter>
    </ClInclude>
    <ClInclude Include="Start.h">
      <Filter>Header Files</Filter>
    </ClInclude>
    <ClInclude Include="Help.h">
      <Filter>Header Files</Filter>
    </ClInclude>
    <ClInclude Include="Quit.h">
      <Filter>Header Files</Filter>
    </ClInclude>
    <ClInclude Include="QuitGame.h">
      <Filter>Header Files</Filter>
    </ClInclude>
    <ClInclude Include="REnemyFlameColl.h">
      <Filter>Header Files</Filter>
    </ClInclude>
    <ClInclude Include="RobotFlameColl.h">
      <Filter>Header Files</Filter>
    </ClInclude>
    <ClInclude Include="SEnemyFlameColl.h">
      <Filter>Header Files</Filter>
    </ClInclude>
    <ClInclude Include="Buttons.h">
      <Filter>Header Files</Filter>
    </ClInclude>
  </ItemGroup>
  <ItemGroup>
    <ClCompile Include="GameObject.cpp">
      <Filter>Source Files</Filter>
    </ClCompile>
    <ClCompile Include="main.cpp">
      <Filter>Source Files</Filter>
    </ClCompile>
    <ClCompile Include="Controller.cpp">
      <Filter>Source Files</Filter>
    </ClCompile>
    <ClCompile Include="GameBoard.cpp">
      <Filter>Source Files</Filter>
    </ClCompile>
    <ClCompile Include="Wall.cpp">
      <Filter>Source Files</Filter>
    </ClCompile>
    <ClCompile Include="Brick.cpp">
      <Filter>Source Files</Filter>
    </ClCompile>
    <ClCompile Include="Door.cpp">
      <Filter>Source Files</Filter>
    </ClCompile>
    <ClCompile Include="Gift.cpp">
      <Filter>Source Files</Filter>
    </ClCompile>
    <ClCompile Include="EmptyCell.cpp">
      <Filter>Source Files</Filter>
    </ClCompile>
    <ClCompile Include="RandomEnemy.cpp">
      <Filter>Source Files</Filter>
    </ClCompile>
    <ClCompile Include="SmartEnemy.cpp">
      <Filter>Source Files</Filter>
    </ClCompile>
    <ClCompile Include="Enemy.cpp">
      <Filter>Source Files</Filter>
    </ClCompile>
    <ClCompile Include="Robot.cpp">
      <Filter>Source Files</Filter>
    </ClCompile>
    <ClCompile Include="Texture.cpp">
      <Filter>Source Files</Filter>
    </ClCompile>
    <ClCompile Include="Moveable.cpp">
      <Filter>Source Files</Filter>
    </ClCompile>
    <ClCompile Include="UnMoveable.cpp">
      <Filter>Source Files</Filter>
    </ClCompile>
    <ClCompile Include="RobotGiftColl.cpp">
      <Filter>Source Files</Filter>
    </ClCompile>
    <ClCompile Include="RobotEmptyColl.cpp">
      <Filter>Source Files</Filter>
    </ClCompile>
    <ClCompile Include="UnmoveCollison.cpp">
      <Filter>Source Files</Filter>
    </ClCompile>
    <ClCompile Include="Collision.cpp">
      <Filter>Source Files</Filter>
    </ClCompile>
    <ClCompile Include="MoveCollision.cpp">
      <Filter>Source Files</Filter>
    </ClCompile>
    <ClCompile Include="REnemyRobotColl.cpp">
      <Filter>Source Files</Filter>
    </ClCompile>
    <ClCompile Include="SEnemyRobotColl.cpp">
      <Filter>Source Files</Filter>
    </ClCompile>
    <ClCompile Include="RobotDoorColl.cpp">
      <Filter>Source Files</Filter>
    </ClCompile>
    <ClCompile Include="RobotSEnemyColl.cpp">
      <Filter>Source Files</Filter>
    </ClCompile>
    <ClCompile Include="RobotREnemyColl.cpp">
      <Filter>Source Files</Filter>
    </ClCompile>
    <ClCompile Include="RobotBrickColl.cpp">
      <Filter>Source Files</Filter>
    </ClCompile>
    <ClCompile Include="Bomb.cpp">
      <Filter>Source Files</Filter>
    </ClCompile>
    <ClCompile Include="Flame.cpp">
      <Filter>Source Files</Filter>
    </ClCompile>
    <ClCompile Include="GiftUnderBrick.cpp">
      <Filter>Source Files</Filter>
    </ClCompile>
    <ClCompile Include="RobotWallColl.cpp">
      <Filter>Source Files</Filter>
    </ClCompile>
    <ClCompile Include="Back.cpp">
      <Filter>Source Files</Filter>
    </ClCompile>
    <ClCompile Include="Start.cpp">
      <Filter>Source Files</Filter>
    </ClCompile>
    <ClCompile Include="Help.cpp">
      <Filter>Source Files</Filter>
    </ClCompile>
    <ClCompile Include="Quit.cpp">
      <Filter>Source Files</Filter>
    </ClCompile>
    <ClCompile Include="QuitGame.cpp">
      <Filter>Source Files</Filter>
    </ClCompile>
    <ClCompile Include="REnemyFlameColl.cpp">
      <Filter>Source Files</Filter>
    </ClCompile>
    <ClCompile Include="RobotFlameColl.cpp">
      <Filter>Source Files</Filter>
    </ClCompile>
    <ClCompile Include="SEnemyFlameColl.cpp">
      <Filter>Source Files</Filter>
    </ClCompile>
    <ClCompile Include="Buttons.cpp">
      <Filter>Source Files</Filter>
    </ClCompile>
  </ItemGroup>
  <ItemGroup>
    <Text Include="stage1.txt">
      <Filter>Header Files</Filter>
    </Text>
    <Text Include="stage2.txt" />
    <Text Include="stage3.txt" />
    <Text Include="stage4.txt" />
    <Text Include="stage5.txt" />
    <Text Include="README.txt" />
  </ItemGroup>
</Project>